// !$*UTF8*$!
{
	archiveVersion = 1;
	classes = {
	};
	objectVersion = 50;
	objects = {

/* Begin PBXBuildFile section */
		B73BFF2299F2D27C2ADB5666 /* libPods-ios-cloudfirestore-appTests.a in Frameworks */ = {isa = PBXBuildFile; fileRef = 6BBB400803BAFB81C40D96D0 /* libPods-ios-cloudfirestore-appTests.a */; };
		E67645F22191DAAD00DED884 /* AppDelegate.swift in Sources */ = {isa = PBXBuildFile; fileRef = E67645F12191DAAD00DED884 /* AppDelegate.swift */; };
		E67645F42191DAAD00DED884 /* ViewController.swift in Sources */ = {isa = PBXBuildFile; fileRef = E67645F32191DAAD00DED884 /* ViewController.swift */; };
		E67645F72191DAAD00DED884 /* Main.storyboard in Resources */ = {isa = PBXBuildFile; fileRef = E67645F52191DAAD00DED884 /* Main.storyboard */; };
		E67645F92191DAAE00DED884 /* Assets.xcassets in Resources */ = {isa = PBXBuildFile; fileRef = E67645F82191DAAE00DED884 /* Assets.xcassets */; };
		E67645FC2191DAAE00DED884 /* LaunchScreen.storyboard in Resources */ = {isa = PBXBuildFile; fileRef = E67645FA2191DAAE00DED884 /* LaunchScreen.storyboard */; };
		E67646072191DAAE00DED884 /* ios_cloudfirestore_appTests.swift in Sources */ = {isa = PBXBuildFile; fileRef = E67646062191DAAE00DED884 /* ios_cloudfirestore_appTests.swift */; };
		E67646162191EB1B00DED884 /* GoogleService-Info.plist in Resources */ = {isa = PBXBuildFile; fileRef = E67646152191EB1B00DED884 /* GoogleService-Info.plist */; };
		F909717FC8264867D0E4696B /* libPods-ios-cloudfirestore-app.a in Frameworks */ = {isa = PBXBuildFile; fileRef = 86B5C69A67D13C53328ECE70 /* libPods-ios-cloudfirestore-app.a */; };
/* End PBXBuildFile section */

/* Begin PBXContainerItemProxy section */
		E67646032191DAAE00DED884 /* PBXContainerItemProxy */ = {
			isa = PBXContainerItemProxy;
			containerPortal = E67645E62191DAAD00DED884 /* Project object */;
			proxyType = 1;
			remoteGlobalIDString = E67645ED2191DAAD00DED884;
			remoteInfo = "ios-cloudfirestore-app";
		};
/* End PBXContainerItemProxy section */

/* Begin PBXFileReference section */
		6BBB400803BAFB81C40D96D0 /* libPods-ios-cloudfirestore-appTests.a */ = {isa = PBXFileReference; explicitFileType = archive.ar; includeInIndex = 0; path = "libPods-ios-cloudfirestore-appTests.a"; sourceTree = BUILT_PRODUCTS_DIR; };
		7C1C6284FFDCE778FC32C2D5 /* Pods-ios-cloudfirestore-app.debug.xcconfig */ = {isa = PBXFileReference; includeInIndex = 1; lastKnownFileType = text.xcconfig; name = "Pods-ios-cloudfirestore-app.debug.xcconfig"; path = "Pods/Target Support Files/Pods-ios-cloudfirestore-app/Pods-ios-cloudfirestore-app.debug.xcconfig"; sourceTree = "<group>"; };
		7DE31E42010A9A1AB5918536 /* Pods-ios-cloudfirestore-appTests.debug.xcconfig */ = {isa = PBXFileReference; includeInIndex = 1; lastKnownFileType = text.xcconfig; name = "Pods-ios-cloudfirestore-appTests.debug.xcconfig"; path = "Pods/Target Support Files/Pods-ios-cloudfirestore-appTests/Pods-ios-cloudfirestore-appTests.debug.xcconfig"; sourceTree = "<group>"; };
		86B5C69A67D13C53328ECE70 /* libPods-ios-cloudfirestore-app.a */ = {isa = PBXFileReference; explicitFileType = archive.ar; includeInIndex = 0; path = "libPods-ios-cloudfirestore-app.a"; sourceTree = BUILT_PRODUCTS_DIR; };
		C3394892C485E4DD94104C4C /* Pods-ios-cloudfirestore-app.release.xcconfig */ = {isa = PBXFileReference; includeInIndex = 1; lastKnownFileType = text.xcconfig; name = "Pods-ios-cloudfirestore-app.release.xcconfig"; path = "Pods/Target Support Files/Pods-ios-cloudfirestore-app/Pods-ios-cloudfirestore-app.release.xcconfig"; sourceTree = "<group>"; };
		D970D99742CED6521E135913 /* Pods-ios-cloudfirestore-appTests.release.xcconfig */ = {isa = PBXFileReference; includeInIndex = 1; lastKnownFileType = text.xcconfig; name = "Pods-ios-cloudfirestore-appTests.release.xcconfig"; path = "Pods/Target Support Files/Pods-ios-cloudfirestore-appTests/Pods-ios-cloudfirestore-appTests.release.xcconfig"; sourceTree = "<group>"; };
		E67645EE2191DAAD00DED884 /* ios-cloudfirestore-app.app */ = {isa = PBXFileReference; explicitFileType = wrapper.application; includeInIndex = 0; path = "ios-cloudfirestore-app.app"; sourceTree = BUILT_PRODUCTS_DIR; };
		E67645F12191DAAD00DED884 /* AppDelegate.swift */ = {isa = PBXFileReference; lastKnownFileType = sourcecode.swift; path = AppDelegate.swift; sourceTree = "<group>"; };
		E67645F32191DAAD00DED884 /* ViewController.swift */ = {isa = PBXFileReference; lastKnownFileType = sourcecode.swift; path = ViewController.swift; sourceTree = "<group>"; };
		E67645F62191DAAD00DED884 /* Base */ = {isa = PBXFileReference; lastKnownFileType = file.storyboard; name = Base; path = Base.lproj/Main.storyboard; sourceTree = "<group>"; };
		E67645F82191DAAE00DED884 /* Assets.xcassets */ = {isa = PBXFileReference; lastKnownFileType = folder.assetcatalog; path = Assets.xcassets; sourceTree = "<group>"; };
		E67645FB2191DAAE00DED884 /* Base */ = {isa = PBXFileReference; lastKnownFileType = file.storyboard; name = Base; path = Base.lproj/LaunchScreen.storyboard; sourceTree = "<group>"; };
		E67645FD2191DAAE00DED884 /* Info.plist */ = {isa = PBXFileReference; lastKnownFileType = text.plist.xml; path = Info.plist; sourceTree = "<group>"; };
		E67646022191DAAE00DED884 /* ios-cloudfirestore-appTests.xctest */ = {isa = PBXFileReference; explicitFileType = wrapper.cfbundle; includeInIndex = 0; path = "ios-cloudfirestore-appTests.xctest"; sourceTree = BUILT_PRODUCTS_DIR; };
		E67646062191DAAE00DED884 /* ios_cloudfirestore_appTests.swift */ = {isa = PBXFileReference; lastKnownFileType = sourcecode.swift; path = ios_cloudfirestore_appTests.swift; sourceTree = "<group>"; };
		E67646082191DAAF00DED884 /* Info.plist */ = {isa = PBXFileReference; lastKnownFileType = text.plist.xml; path = Info.plist; sourceTree = "<group>"; };
		E67646152191EB1B00DED884 /* GoogleService-Info.plist */ = {isa = PBXFileReference; fileEncoding = 4; lastKnownFileType = text.plist.xml; path = "GoogleService-Info.plist"; sourceTree = "<group>"; };
/* End PBXFileReference section */

/* Begin PBXFrameworksBuildPhase section */
		E67645EB2191DAAD00DED884 /* Frameworks */ = {
			isa = PBXFrameworksBuildPhase;
			buildActionMask = 2147483647;
			files = (
				F909717FC8264867D0E4696B /* libPods-ios-cloudfirestore-app.a in Frameworks */,
			);
			runOnlyForDeploymentPostprocessing = 0;
		};
		E67645FF2191DAAE00DED884 /* Frameworks */ = {
			isa = PBXFrameworksBuildPhase;
			buildActionMask = 2147483647;
			files = (
				B73BFF2299F2D27C2ADB5666 /* libPods-ios-cloudfirestore-appTests.a in Frameworks */,
			);
			runOnlyForDeploymentPostprocessing = 0;
		};
/* End PBXFrameworksBuildPhase section */

/* Begin PBXGroup section */
		14A9AAFC8ABF29E2732517A0 /* Frameworks */ = {
			isa = PBXGroup;
			children = (
				86B5C69A67D13C53328ECE70 /* libPods-ios-cloudfirestore-app.a */,
				6BBB400803BAFB81C40D96D0 /* libPods-ios-cloudfirestore-appTests.a */,
			);
			name = Frameworks;
			sourceTree = "<group>";
		};
		15BD8CE52205EA77C6145CD7 /* Pods */ = {
			isa = PBXGroup;
			children = (
				7C1C6284FFDCE778FC32C2D5 /* Pods-ios-cloudfirestore-app.debug.xcconfig */,
				C3394892C485E4DD94104C4C /* Pods-ios-cloudfirestore-app.release.xcconfig */,
				7DE31E42010A9A1AB5918536 /* Pods-ios-cloudfirestore-appTests.debug.xcconfig */,
				D970D99742CED6521E135913 /* Pods-ios-cloudfirestore-appTests.release.xcconfig */,
			);
			name = Pods;
			sourceTree = "<group>";
		};
		E67645E52191DAAD00DED884 = {
			isa = PBXGroup;
			children = (
				E67645F02191DAAD00DED884 /* ios-cloudfirestore-app */,
				E67646052191DAAE00DED884 /* ios-cloudfirestore-appTests */,
				E67645EF2191DAAD00DED884 /* Products */,
				15BD8CE52205EA77C6145CD7 /* Pods */,
				14A9AAFC8ABF29E2732517A0 /* Frameworks */,
			);
			sourceTree = "<group>";
		};
		E67645EF2191DAAD00DED884 /* Products */ = {
			isa = PBXGroup;
			children = (
				E67645EE2191DAAD00DED884 /* ios-cloudfirestore-app.app */,
				E67646022191DAAE00DED884 /* ios-cloudfirestore-appTests.xctest */,
			);
			name = Products;
			sourceTree = "<group>";
		};
		E67645F02191DAAD00DED884 /* ios-cloudfirestore-app */ = {
			isa = PBXGroup;
			children = (
				E67645F12191DAAD00DED884 /* AppDelegate.swift */,
				E67645F32191DAAD00DED884 /* ViewController.swift */,
				E67645F52191DAAD00DED884 /* Main.storyboard */,
				E67645F82191DAAE00DED884 /* Assets.xcassets */,
				E67645FA2191DAAE00DED884 /* LaunchScreen.storyboard */,
				E67645FD2191DAAE00DED884 /* Info.plist */,
				E67646152191EB1B00DED884 /* GoogleService-Info.plist */,
			);
			path = "ios-cloudfirestore-app";
			sourceTree = "<group>";
		};
		E67646052191DAAE00DED884 /* ios-cloudfirestore-appTests */ = {
			isa = PBXGroup;
			children = (
				E67646062191DAAE00DED884 /* ios_cloudfirestore_appTests.swift */,
				E67646082191DAAF00DED884 /* Info.plist */,
			);
			path = "ios-cloudfirestore-appTests";
			sourceTree = "<group>";
		};
/* End PBXGroup section */

/* Begin PBXNativeTarget section */
		E67645ED2191DAAD00DED884 /* ios-cloudfirestore-app */ = {
			isa = PBXNativeTarget;
			buildConfigurationList = E676460B2191DAAF00DED884 /* Build configuration list for PBXNativeTarget "ios-cloudfirestore-app" */;
			buildPhases = (
				206691B638678850F43D5A5D /* [CP] Check Pods Manifest.lock */,
				E67645EA2191DAAD00DED884 /* Sources */,
				E67645EB2191DAAD00DED884 /* Frameworks */,
				E67645EC2191DAAD00DED884 /* Resources */,
				1BC70D508C0513D8FD7FD9A6 /* [CP] Copy Pods Resources */,
			);
			buildRules = (
			);
			dependencies = (
			);
			name = "ios-cloudfirestore-app";
			productName = "ios-cloudfirestore-app";
			productReference = E67645EE2191DAAD00DED884 /* ios-cloudfirestore-app.app */;
			productType = "com.apple.product-type.application";
		};
		E67646012191DAAE00DED884 /* ios-cloudfirestore-appTests */ = {
			isa = PBXNativeTarget;
			buildConfigurationList = E676460E2191DAAF00DED884 /* Build configuration list for PBXNativeTarget "ios-cloudfirestore-appTests" */;
			buildPhases = (
				5F6CFFE0C28FBB6FBE29DDF9 /* [CP] Check Pods Manifest.lock */,
				E67645FE2191DAAE00DED884 /* Sources */,
				E67645FF2191DAAE00DED884 /* Frameworks */,
				E67646002191DAAE00DED884 /* Resources */,
			);
			buildRules = (
			);
			dependencies = (
				E67646042191DAAE00DED884 /* PBXTargetDependency */,
			);
			name = "ios-cloudfirestore-appTests";
			productName = "ios-cloudfirestore-appTests";
			productReference = E67646022191DAAE00DED884 /* ios-cloudfirestore-appTests.xctest */;
			productType = "com.apple.product-type.bundle.unit-test";
		};
/* End PBXNativeTarget section */

/* Begin PBXProject section */
		E67645E62191DAAD00DED884 /* Project object */ = {
			isa = PBXProject;
			attributes = {
				LastSwiftUpdateCheck = 1010;
				LastUpgradeCheck = 1010;
				ORGANIZATIONNAME = "Shuhei Kagaya";
				TargetAttributes = {
					E67645ED2191DAAD00DED884 = {
						CreatedOnToolsVersion = 10.1;
					};
					E67646012191DAAE00DED884 = {
						CreatedOnToolsVersion = 10.1;
						TestTargetID = E67645ED2191DAAD00DED884;
					};
				};
			};
			buildConfigurationList = E67645E92191DAAD00DED884 /* Build configuration list for PBXProject "ios-cloudfirestore-app" */;
			compatibilityVersion = "Xcode 9.3";
			developmentRegion = en;
			hasScannedForEncodings = 0;
			knownRegions = (
				en,
				Base,
			);
			mainGroup = E67645E52191DAAD00DED884;
			productRefGroup = E67645EF2191DAAD00DED884 /* Products */;
			projectDirPath = "";
			projectRoot = "";
			targets = (
				E67645ED2191DAAD00DED884 /* ios-cloudfirestore-app */,
				E67646012191DAAE00DED884 /* ios-cloudfirestore-appTests */,
			);
		};
/* End PBXProject section */

/* Begin PBXResourcesBuildPhase section */
		E67645EC2191DAAD00DED884 /* Resources */ = {
			isa = PBXResourcesBuildPhase;
			buildActionMask = 2147483647;
			files = (
				E67645FC2191DAAE00DED884 /* LaunchScreen.storyboard in Resources */,
				E67646162191EB1B00DED884 /* GoogleService-Info.plist in Resources */,
				E67645F92191DAAE00DED884 /* Assets.xcassets in Resources */,
				E67645F72191DAAD00DED884 /* Main.storyboard in Resources */,
			);
			runOnlyForDeploymentPostprocessing = 0;
		};
		E67646002191DAAE00DED884 /* Resources */ = {
			isa = PBXResourcesBuildPhase;
			buildActionMask = 2147483647;
			files = (
			);
			runOnlyForDeploymentPostprocessing = 0;
		};
/* End PBXResourcesBuildPhase section */

/* Begin PBXShellScriptBuildPhase section */
		1BC70D508C0513D8FD7FD9A6 /* [CP] Copy Pods Resources */ = {
			isa = PBXShellScriptBuildPhase;
			buildActionMask = 2147483647;
			files = (
			);
			inputFileListPaths = (
			);
			inputPaths = (
				"${SRCROOT}/Pods/Target Support Files/Pods-ios-cloudfirestore-app/Pods-ios-cloudfirestore-app-resources.sh",
				"${PODS_CONFIGURATION_BUILD_DIR}/gRPC/gRPCCertificates.bundle",
			);
			name = "[CP] Copy Pods Resources";
			outputFileListPaths = (
			);
			outputPaths = (
				"${TARGET_BUILD_DIR}/${UNLOCALIZED_RESOURCES_FOLDER_PATH}/gRPCCertificates.bundle",
			);
			runOnlyForDeploymentPostprocessing = 0;
			shellPath = /bin/sh;
			shellScript = "\"${SRCROOT}/Pods/Target Support Files/Pods-ios-cloudfirestore-app/Pods-ios-cloudfirestore-app-resources.sh\"\n";
			showEnvVarsInLog = 0;
		};
		206691B638678850F43D5A5D /* [CP] Check Pods Manifest.lock */ = {
			isa = PBXShellScriptBuildPhase;
			buildActionMask = 2147483647;
			files = (
			);
			inputFileListPaths = (
			);
			inputPaths = (
				"${PODS_PODFILE_DIR_PATH}/Podfile.lock",
				"${PODS_ROOT}/Manifest.lock",
			);
			name = "[CP] Check Pods Manifest.lock";
			outputFileListPaths = (
			);
			outputPaths = (
				"$(DERIVED_FILE_DIR)/Pods-ios-cloudfirestore-app-checkManifestLockResult.txt",
			);
			runOnlyForDeploymentPostprocessing = 0;
			shellPath = /bin/sh;
			shellScript = "diff \"${PODS_PODFILE_DIR_PATH}/Podfile.lock\" \"${PODS_ROOT}/Manifest.lock\" > /dev/null\nif [ $? != 0 ] ; then\n    # print error to STDERR\n    echo \"error: The sandbox is not in sync with the Podfile.lock. Run 'pod install' or update your CocoaPods installation.\" >&2\n    exit 1\nfi\n# This output is used by Xcode 'outputs' to avoid re-running this script phase.\necho \"SUCCESS\" > \"${SCRIPT_OUTPUT_FILE_0}\"\n";
			showEnvVarsInLog = 0;
		};
		5F6CFFE0C28FBB6FBE29DDF9 /* [CP] Check Pods Manifest.lock */ = {
			isa = PBXShellScriptBuildPhase;
			buildActionMask = 2147483647;
			files = (
			);
			inputFileListPaths = (
			);
			inputPaths = (
				"${PODS_PODFILE_DIR_PATH}/Podfile.lock",
				"${PODS_ROOT}/Manifest.lock",
			);
			name = "[CP] Check Pods Manifest.lock";
			outputFileListPaths = (
			);
			outputPaths = (
				"$(DERIVED_FILE_DIR)/Pods-ios-cloudfirestore-appTests-checkManifestLockResult.txt",
			);
			runOnlyForDeploymentPostprocessing = 0;
			shellPath = /bin/sh;
			shellScript = "diff \"${PODS_PODFILE_DIR_PATH}/Podfile.lock\" \"${PODS_ROOT}/Manifest.lock\" > /dev/null\nif [ $? != 0 ] ; then\n    # print error to STDERR\n    echo \"error: The sandbox is not in sync with the Podfile.lock. Run 'pod install' or update your CocoaPods installation.\" >&2\n    exit 1\nfi\n# This output is used by Xcode 'outputs' to avoid re-running this script phase.\necho \"SUCCESS\" > \"${SCRIPT_OUTPUT_FILE_0}\"\n";
			showEnvVarsInLog = 0;
		};
/* End PBXShellScriptBuildPhase section */

/* Begin PBXSourcesBuildPhase section */
		E67645EA2191DAAD00DED884 /* Sources */ = {
			isa = PBXSourcesBuildPhase;
			buildActionMask = 2147483647;
			files = (
				E67645F42191DAAD00DED884 /* ViewController.swift in Sources */,
				E67645F22191DAAD00DED884 /* AppDelegate.swift in Sources */,
			);
			runOnlyForDeploymentPostprocessing = 0;
		};
		E67645FE2191DAAE00DED884 /* Sources */ = {
			isa = PBXSourcesBuildPhase;
			buildActionMask = 2147483647;
			files = (
				E67646072191DAAE00DED884 /* ios_cloudfirestore_appTests.swift in Sources */,
			);
			runOnlyForDeploymentPostprocessing = 0;
		};
/* End PBXSourcesBuildPhase section */

/* Begin PBXTargetDependency section */
		E67646042191DAAE00DED884 /* PBXTargetDependency */ = {
			isa = PBXTargetDependency;
			target = E67645ED2191DAAD00DED884 /* ios-cloudfirestore-app */;
			targetProxy = E67646032191DAAE00DED884 /* PBXContainerItemProxy */;
		};
/* End PBXTargetDependency section */

/* Begin PBXVariantGroup section */
		E67645F52191DAAD00DED884 /* Main.storyboard */ = {
			isa = PBXVariantGroup;
			children = (
				E67645F62191DAAD00DED884 /* Base */,
			);
			name = Main.storyboard;
			sourceTree = "<group>";
		};
		E67645FA2191DAAE00DED884 /* LaunchScreen.storyboard */ = {
			isa = PBXVariantGroup;
			children = (
				E67645FB2191DAAE00DED884 /* Base */,
			);
			name = LaunchScreen.storyboard;
			sourceTree = "<group>";
		};
/* End PBXVariantGroup section */

/* Begin XCBuildConfiguration section */
		E67646092191DAAF00DED884 /* Debug */ = {
			isa = XCBuildConfiguration;
			buildSettings = {
				ALWAYS_SEARCH_USER_PATHS = NO;
				CLANG_ANALYZER_NONNULL = YES;
				CLANG_ANALYZER_NUMBER_OBJECT_CONVERSION = YES_AGGRESSIVE;
				CLANG_CXX_LANGUAGE_STANDARD = "gnu++14";
				CLANG_CXX_LIBRARY = "libc++";
				CLANG_ENABLE_MODULES = YES;
				CLANG_ENABLE_OBJC_ARC = YES;
				CLANG_ENABLE_OBJC_WEAK = YES;
				CLANG_WARN_BLOCK_CAPTURE_AUTORELEASING = YES;
				CLANG_WARN_BOOL_CONVERSION = YES;
				CLANG_WARN_COMMA = YES;
				CLANG_WARN_CONSTANT_CONVERSION = YES;
				CLANG_WARN_DEPRECATED_OBJC_IMPLEMENTATIONS = YES;
				CLANG_WARN_DIRECT_OBJC_ISA_USAGE = YES_ERROR;
				CLANG_WARN_DOCUMENTATION_COMMENTS = YES;
				CLANG_WARN_EMPTY_BODY = YES;
				CLANG_WARN_ENUM_CONVERSION = YES;
				CLANG_WARN_INFINITE_RECURSION = YES;
				CLANG_WARN_INT_CONVERSION = YES;
				CLANG_WARN_NON_LITERAL_NULL_CONVERSION = YES;
				CLANG_WARN_OBJC_IMPLICIT_RETAIN_SELF = YES;
				CLANG_WARN_OBJC_LITERAL_CONVERSION = YES;
				CLANG_WARN_OBJC_ROOT_CLASS = YES_ERROR;
				CLANG_WARN_RANGE_LOOP_ANALYSIS = YES;
				CLANG_WARN_STRICT_PROTOTYPES = YES;
				CLANG_WARN_SUSPICIOUS_MOVE = YES;
				CLANG_WARN_UNGUARDED_AVAILABILITY = YES_AGGRESSIVE;
				CLANG_WARN_UNREACHABLE_CODE = YES;
				CLANG_WARN__DUPLICATE_METHOD_MATCH = YES;
				CODE_SIGN_IDENTITY = "iPhone Developer";
				COPY_PHASE_STRIP = NO;
				DEBUG_INFORMATION_FORMAT = dwarf;
				ENABLE_STRICT_OBJC_MSGSEND = YES;
				ENABLE_TESTABILITY = YES;
				GCC_C_LANGUAGE_STANDARD = gnu11;
				GCC_DYNAMIC_NO_PIC = NO;
				GCC_NO_COMMON_BLOCKS = YES;
				GCC_OPTIMIZATION_LEVEL = 0;
				GCC_PREPROCESSOR_DEFINITIONS = (
					"DEBUG=1",
					"$(inherited)",
				);
				GCC_WARN_64_TO_32_BIT_CONVERSION = YES;
				GCC_WARN_ABOUT_RETURN_TYPE = YES_ERROR;
				GCC_WARN_UNDECLARED_SELECTOR = YES;
				GCC_WARN_UNINITIALIZED_AUTOS = YES_AGGRESSIVE;
				GCC_WARN_UNUSED_FUNCTION = YES;
				GCC_WARN_UNUSED_VARIABLE = YES;
				IPHONEOS_DEPLOYMENT_TARGET = 12.1;
				MTL_ENABLE_DEBUG_INFO = INCLUDE_SOURCE;
				MTL_FAST_MATH = YES;
				ONLY_ACTIVE_ARCH = YES;
				SDKROOT = iphoneos;
				SWIFT_ACTIVE_COMPILATION_CONDITIONS = DEBUG;
				SWIFT_OPTIMIZATION_LEVEL = "-Onone";
			};
			name = Debug;
		};
		E676460A2191DAAF00DED884 /* Release */ = {
			isa = XCBuildConfiguration;
			buildSettings = {
				ALWAYS_SEARCH_USER_PATHS = NO;
				CLANG_ANALYZER_NONNULL = YES;
				CLANG_ANALYZER_NUMBER_OBJECT_CONVERSION = YES_AGGRESSIVE;
				CLANG_CXX_LANGUAGE_STANDARD = "gnu++14";
				CLANG_CXX_LIBRARY = "libc++";
				CLANG_ENABLE_MODULES = YES;
				CLANG_ENABLE_OBJC_ARC = YES;
				CLANG_ENABLE_OBJC_WEAK = YES;
				CLANG_WARN_BLOCK_CAPTURE_AUTORELEASING = YES;
				CLANG_WARN_BOOL_CONVERSION = YES;
				CLANG_WARN_COMMA = YES;
				CLANG_WARN_CONSTANT_CONVERSION = YES;
				CLANG_WARN_DEPRECATED_OBJC_IMPLEMENTATIONS = YES;
				CLANG_WARN_DIRECT_OBJC_ISA_USAGE = YES_ERROR;
				CLANG_WARN_DOCUMENTATION_COMMENTS = YES;
				CLANG_WARN_EMPTY_BODY = YES;
				CLANG_WARN_ENUM_CONVERSION = YES;
				CLANG_WARN_INFINITE_RECURSION = YES;
				CLANG_WARN_INT_CONVERSION = YES;
				CLANG_WARN_NON_LITERAL_NULL_CONVERSION = YES;
				CLANG_WARN_OBJC_IMPLICIT_RETAIN_SELF = YES;
				CLANG_WARN_OBJC_LITERAL_CONVERSION = YES;
				CLANG_WARN_OBJC_ROOT_CLASS = YES_ERROR;
				CLANG_WARN_RANGE_LOOP_ANALYSIS = YES;
				CLANG_WARN_STRICT_PROTOTYPES = YES;
				CLANG_WARN_SUSPICIOUS_MOVE = YES;
				CLANG_WARN_UNGUARDED_AVAILABILITY = YES_AGGRESSIVE;
				CLANG_WARN_UNREACHABLE_CODE = YES;
				CLANG_WARN__DUPLICATE_METHOD_MATCH = YES;
				CODE_SIGN_IDENTITY = "iPhone Developer";
				COPY_PHASE_STRIP = NO;
				DEBUG_INFORMATION_FORMAT = "dwarf-with-dsym";
				ENABLE_NS_ASSERTIONS = NO;
				ENABLE_STRICT_OBJC_MSGSEND = YES;
				GCC_C_LANGUAGE_STANDARD = gnu11;
				GCC_NO_COMMON_BLOCKS = YES;
				GCC_WARN_64_TO_32_BIT_CONVERSION = YES;
				GCC_WARN_ABOUT_RETURN_TYPE = YES_ERROR;
				GCC_WARN_UNDECLARED_SELECTOR = YES;
				GCC_WARN_UNINITIALIZED_AUTOS = YES_AGGRESSIVE;
				GCC_WARN_UNUSED_FUNCTION = YES;
				GCC_WARN_UNUSED_VARIABLE = YES;
				IPHONEOS_DEPLOYMENT_TARGET = 12.1;
				MTL_ENABLE_DEBUG_INFO = NO;
				MTL_FAST_MATH = YES;
				SDKROOT = iphoneos;
				SWIFT_COMPILATION_MODE = wholemodule;
				SWIFT_OPTIMIZATION_LEVEL = "-O";
				VALIDATE_PRODUCT = YES;
			};
			name = Release;
		};
		E676460C2191DAAF00DED884 /* Debug */ = {
			isa = XCBuildConfiguration;
			baseConfigurationReference = 7C1C6284FFDCE778FC32C2D5 /* Pods-ios-cloudfirestore-app.debug.xcconfig */;
			buildSettings = {
				ASSETCATALOG_COMPILER_APPICON_NAME = AppIcon;
				CODE_SIGN_STYLE = Automatic;
				DEVELOPMENT_TEAM = 6477C3KV4U;
				INFOPLIST_FILE = "ios-cloudfirestore-app/Info.plist";
				LD_RUNPATH_SEARCH_PATHS = (
					"$(inherited)",
					"@executable_path/Frameworks",
				);
				PRODUCT_BUNDLE_IDENTIFIER = "com.apps.shuheikgy.ios-cloudfirestore-app";
				PRODUCT_NAME = "$(TARGET_NAME)";
				SWIFT_VERSION = 4.2;
				TARGETED_DEVICE_FAMILY = "1,2";
			};
			name = Debug;
		};
		E676460D2191DAAF00DED884 /* Release */ = {
			isa = XCBuildConfiguration;
			baseConfigurationReference = C3394892C485E4DD94104C4C /* Pods-ios-cloudfirestore-app.release.xcconfig */;
			buildSettings = {
				ASSETCATALOG_COMPILER_APPICON_NAME = AppIcon;
				CODE_SIGN_STYLE = Automatic;
				DEVELOPMENT_TEAM = 6477C3KV4U;
				INFOPLIST_FILE = "ios-cloudfirestore-app/Info.plist";
				LD_RUNPATH_SEARCH_PATHS = (
					"$(inherited)",
					"@executable_path/Frameworks",
				);
				PRODUCT_BUNDLE_IDENTIFIER = "com.apps.shuheikgy.ios-cloudfirestore-app";
				PRODUCT_NAME = "$(TARGET_NAME)";
				SWIFT_VERSION = 4.2;
				TARGETED_DEVICE_FAMILY = "1,2";
			};
			name = Release;
		};
		E676460F2191DAAF00DED884 /* Debug */ = {
			isa = XCBuildConfiguration;
			baseConfigurationReference = 7DE31E42010A9A1AB5918536 /* Pods-ios-cloudfirestore-appTests.debug.xcconfig */;
			buildSettings = {
				ALWAYS_EMBED_SWIFT_STANDARD_LIBRARIES = YES;
				BUNDLE_LOADER = "$(TEST_HOST)";
				CODE_SIGN_STYLE = Automatic;
				INFOPLIST_FILE = "ios-cloudfirestore-appTests/Info.plist";
				LD_RUNPATH_SEARCH_PATHS = (
					"$(inherited)",
					"@executable_path/Frameworks",
					"@loader_path/Frameworks",
				);
				PRODUCT_BUNDLE_IDENTIFIER = "com.apps.shuheikgy.ios-cloudfirestore-appTests";
				PRODUCT_NAME = "$(TARGET_NAME)";
				SWIFT_VERSION = 4.2;
				TARGETED_DEVICE_FAMILY = "1,2";
				TEST_HOST = "$(BUILT_PRODUCTS_DIR)/ios-cloudfirestore-app.app/ios-cloudfirestore-app";
			};
			name = Debug;
		};
		E67646102191DAAF00DED884 /* Release */ = {
			isa = XCBuildConfiguration;
			baseConfigurationReference = D970D99742CED6521E135913 /* Pods-ios-cloudfirestore-appTests.release.xcconfig */;
			buildSettings = {
				ALWAYS_EMBED_SWIFT_STANDARD_LIBRARIES = YES;
				BUNDLE_LOADER = "$(TEST_HOST)";
				CODE_SIGN_STYLE = Automatic;
				INFOPLIST_FILE = "ios-cloudfirestore-appTests/Info.plist";
				LD_RUNPATH_SEARCH_PATHS = (
					"$(inherited)",
					"@executable_path/Frameworks",
					"@loader_path/Frameworks",
				);
				PRODUCT_BUNDLE_IDENTIFIER = "com.apps.shuheikgy.ios-cloudfirestore-appTests";
				PRODUCT_NAME = "$(TARGET_NAME)";
				SWIFT_VERSION = 4.2;
				TARGETED_DEVICE_FAMILY = "1,2";
				TEST_HOST = "$(BUILT_PRODUCTS_DIR)/ios-cloudfirestore-app.app/ios-cloudfirestore-app";
			};
			name = Release;
		};
/* End XCBuildConfiguration section */

/* Begin XCConfigurationList section */
		E67645E92191DAAD00DED884 /* Build configuration list for PBXProject "ios-cloudfirestore-app" */ = {
			isa = XCConfigurationList;
			buildConfigurations = (
				E67646092191DAAF00DED884 /* Debug */,
				E676460A2191DAAF00DED884 /* Release */,
			);
			defaultConfigurationIsVisible = 0;
			defaultConfigurationName = Release;
		};
		E676460B2191DAAF00DED884 /* Build configuration list for PBXNativeTarget "ios-cloudfirestore-app" */ = {
			isa = XCConfigurationList;
			buildConfigurations = (
				E676460C2191DAAF00DED884 /* Debug */,
				E676460D2191DAAF00DED884 /* Release */,
			);
			defaultConfigurationIsVisible = 0;
			defaultConfigurationName = Release;
		};
		E676460E2191DAAF00DED884 /* Build configuration list for PBXNativeTarget "ios-cloudfirestore-appTests" */ = {
			isa = XCConfigurationList;
			buildConfigurations = (
				E676460F2191DAAF00DED884 /* Debug */,
				E67646102191DAAF00DED884 /* Release */,
			);
			defaultConfigurationIsVisible = 0;
			defaultConfigurationName = Release;
		};
/* End XCConfigurationList section */
	};
	rootObject = E67645E62191DAAD00DED884 /* Project object */;
}
